{
  "name": "grapesjs-plugin-ckeditor5-css-issue",
  "version": "1.0.0",
  "lockfileVersion": 1,
  "requires": true,
  "dependencies": {
    "cash-dom": {
      "version": "8.1.1",
      "resolved": "https://registry.npmjs.org/cash-dom/-/cash-dom-8.1.1.tgz",
      "integrity": "sha512-aMESow+8m7EuifAeNhpnRHQHN8O24gGeiR53lebD5ShBCisBCoB4y5BBe9pGXtTPP6b1qCp90W9HaaUARyc16Q=="
    },
    "grapesjs-plugin-ckeditor5": {
      "version": "0.0.33",
      "resolved": "https://registry.npmjs.org/grapesjs-plugin-ckeditor5/-/grapesjs-plugin-ckeditor5-0.0.33.tgz",
      "integrity": "sha512-ToeHTw2yU0HcT5I4vCgXW8aqMt75fDKGkGteE6fpDmrQZj4oYT2rTXQFczvfn11lNcl8jeUCKa20mvVnq9nf3A==",
      "requires": {
        "cash-dom": "^8.1.0"
      }
    }
  }
}
